
Microsoft Visual Studio Solution File, Format Version 12.00
# Visual Studio Version 17
VisualStudioVersion = 17.2.32519.379
MinimumVisualStudioVersion = 10.0.40219.1
Project("{9A19103F-16F7-4668-BE54-9A1E7A4F7556}") = "Tracer", "Tracer\Tracer.csproj", "{DE22D361-5757-4A1E-BBB3-392812F3099C}"
EndProject
Project("{9A19103F-16F7-4668-BE54-9A1E7A4F7556}") = "Example", "Example\Example.csproj", "{44F1DDDB-C8A3-4A47-A1C8-5AF847AF79BF}"
EndProject
Project("{FAE04EC0-301F-11D3-BF4B-00C04F79EFBC}") = "Tests", "Tests\Tests.csproj", "{2F0141FF-0BBA-4C35-960D-DC361F1C04AB}"
EndProject
Global
	GlobalSection(SolutionConfigurationPlatforms) = preSolution
		Debug|Any CPU = Debug|Any CPU
		Release|Any CPU = Release|Any CPU
	EndGlobalSection
	GlobalSection(ProjectConfigurationPlatforms) = postSolution
		{DE22D361-5757-4A1E-BBB3-392812F3099C}.Debug|Any CPU.ActiveCfg = Debug|Any CPU
		{DE22D361-5757-4A1E-BBB3-392812F3099C}.Debug|Any CPU.Build.0 = Debug|Any CPU
		{DE22D361-5757-4A1E-BBB3-392812F3099C}.Release|Any CPU.ActiveCfg = Release|Any CPU
		{DE22D361-5757-4A1E-BBB3-392812F3099C}.Release|Any CPU.Build.0 = Release|Any CPU
		{44F1DDDB-C8A3-4A47-A1C8-5AF847AF79BF}.Debug|Any CPU.ActiveCfg = Debug|Any CPU
		{44F1DDDB-C8A3-4A47-A1C8-5AF847AF79BF}.Debug|Any CPU.Build.0 = Debug|Any CPU
		{44F1DDDB-C8A3-4A47-A1C8-5AF847AF79BF}.Release|Any CPU.ActiveCfg = Release|Any CPU
		{44F1DDDB-C8A3-4A47-A1C8-5AF847AF79BF}.Release|Any CPU.Build.0 = Release|Any CPU
		{2F0141FF-0BBA-4C35-960D-DC361F1C04AB}.Debug|Any CPU.ActiveCfg = Debug|Any CPU
		{2F0141FF-0BBA-4C35-960D-DC361F1C04AB}.Debug|Any CPU.Build.0 = Debug|Any CPU
		{2F0141FF-0BBA-4C35-960D-DC361F1C04AB}.Release|Any CPU.ActiveCfg = Release|Any CPU
		{2F0141FF-0BBA-4C35-960D-DC361F1C04AB}.Release|Any CPU.Build.0 = Release|Any CPU
	EndGlobalSection
	GlobalSection(SolutionProperties) = preSolution
		HideSolutionNode = FALSE
	EndGlobalSection
	GlobalSection(ExtensibilityGlobals) = postSolution
		SolutionGuid = {B2463AC9-8CA8-4843-8B7D-8FEF637CA58B}
	EndGlobalSection
EndGlobal
